
Microsoft Visual Studio Solution File, Format Version 12.00
# Visual Studio Version 17
VisualStudioVersion = 17.9.34622.214
MinimumVisualStudioVersion = 10.0.40219.1
Project("{F184B08F-C81C-45F6-A57F-5ABD9991F28F}") = "VIajesAgencia", "VIajesAgencia\VIajesAgencia.vbproj", "{02A1DF65-8A2C-4950-B980-A7590E97107A}"
EndProject
Project("{54435603-DBB4-11D2-8724-00A0C9A8B90C}") = "SetupViajes", "SetupViajes\SetupViajes.vdproj", "{3B59FEC9-E6FC-4830-A083-F0F9232813E8}"
EndProject
Global
	GlobalSection(SolutionConfigurationPlatforms) = preSolution
		Debug|Any CPU = Debug|Any CPU
		Release|Any CPU = Release|Any CPU
	EndGlobalSection
	GlobalSection(ProjectConfigurationPlatforms) = postSolution
		{02A1DF65-8A2C-4950-B980-A7590E97107A}.Debug|Any CPU.ActiveCfg = Debug|Any CPU
		{02A1DF65-8A2C-4950-B980-A7590E97107A}.Debug|Any CPU.Build.0 = Debug|Any CPU
		{02A1DF65-8A2C-4950-B980-A7590E97107A}.Release|Any CPU.ActiveCfg = Release|Any CPU
		{02A1DF65-8A2C-4950-B980-A7590E97107A}.Release|Any CPU.Build.0 = Release|Any CPU
		{3B59FEC9-E6FC-4830-A083-F0F9232813E8}.Debug|Any CPU.ActiveCfg = Debug
		{3B59FEC9-E6FC-4830-A083-F0F9232813E8}.Release|Any CPU.ActiveCfg = Release
	EndGlobalSection
	GlobalSection(SolutionProperties) = preSolution
		HideSolutionNode = FALSE
	EndGlobalSection
	GlobalSection(ExtensibilityGlobals) = postSolution
		SolutionGuid = {BEC0D6B0-5FD2-4044-9193-18657977B885}
	EndGlobalSection
EndGlobal
